// !$*UTF8*$!
{
	archiveVersion = 1;
	classes = {
	};
	objectVersion = 50;
	objects = {

/* Begin PBXBuildFile section */
		BCD27B812381F91B00E29D27 /* AppDelegate.swift in Sources */ = {isa = PBXBuildFile; fileRef = BCD27B802381F91B00E29D27 /* AppDelegate.swift */; };
		BCD27B832381F91B00E29D27 /* SceneDelegate.swift in Sources */ = {isa = PBXBuildFile; fileRef = BCD27B822381F91B00E29D27 /* SceneDelegate.swift */; };
		BCD27B852381F91B00E29D27 /* ContentView.swift in Sources */ = {isa = PBXBuildFile; fileRef = BCD27B842381F91B00E29D27 /* ContentView.swift */; };
		BCD27B872381F91F00E29D27 /* Assets.xcassets in Resources */ = {isa = PBXBuildFile; fileRef = BCD27B862381F91F00E29D27 /* Assets.xcassets */; };
		BCD27B8A2381F91F00E29D27 /* Preview Assets.xcassets in Resources */ = {isa = PBXBuildFile; fileRef = BCD27B892381F91F00E29D27 /* Preview Assets.xcassets */; };
		BCD27B8D2381F91F00E29D27 /* LaunchScreen.storyboard in Resources */ = {isa = PBXBuildFile; fileRef = BCD27B8B2381F91F00E29D27 /* LaunchScreen.storyboard */; };
/* End PBXBuildFile section */

/* Begin PBXFileReference section */
		BCD27B7D2381F91B00E29D27 /* TapCounterButton.app */ = {isa = PBXFileReference; explicitFileType = wrapper.application; includeInIndex = 0; path = TapCounterButton.app; sourceTree = BUILT_PRODUCTS_DIR; };
		BCD27B802381F91B00E29D27 /* AppDelegate.swift */ = {isa = PBXFileReference; lastKnownFileType = sourcecode.swift; path = AppDelegate.swift; sourceTree = "<group>"; };
		BCD27B822381F91B00E29D27 /* SceneDelegate.swift */ = {isa = PBXFileReference; lastKnownFileType = sourcecode.swift; path = SceneDelegate.swift; sourceTree = "<group>"; };
		BCD27B842381F91B00E29D27 /* ContentView.swift */ = {isa = PBXFileReference; lastKnownFileType = sourcecode.swift; path = ContentView.swift; sourceTree = "<group>"; };
		BCD27B862381F91F00E29D27 /* Assets.xcassets */ = {isa = PBXFileReference; lastKnownFileType = folder.assetcatalog; path = Assets.xcassets; sourceTree = "<group>"; };
		BCD27B892381F91F00E29D27 /* Preview Assets.xcassets */ = {isa = PBXFileReference; lastKnownFileType = folder.assetcatalog; path = "Preview Assets.xcassets"; sourceTree = "<group>"; };
		BCD27B8C2381F91F00E29D27 /* Base */ = {isa = PBXFileReference; lastKnownFileType = file.storyboard; name = Base; path = Base.lproj/LaunchScreen.storyboard; sourceTree = "<group>"; };
		BCD27B8E2381F91F00E29D27 /* Info.plist */ = {isa = PBXFileReference; lastKnownFileType = text.plist.xml; path = Info.plist; sourceTree = "<group>"; };
/* End PBXFileReference section */

/* Begin PBXFrameworksBuildPhase section */
		BCD27B7A2381F91B00E29D27 /* Frameworks */ = {
			isa = PBXFrameworksBuildPhase;
			buildActionMask = 2147483647;
			files = (
			);
			runOnlyForDeploymentPostprocessing = 0;
		};
/* End PBXFrameworksBuildPhase section */

/* Begin PBXGroup section */
		BCD27B742381F91B00E29D27 = {
			isa = PBXGroup;
			children = (
				BCD27B7F2381F91B00E29D27 /* TapCounterButton */,
				BCD27B7E2381F91B00E29D27 /* Products */,
			);
			sourceTree = "<group>";
		};
		BCD27B7E2381F91B00E29D27 /* Products */ = {
			isa = PBXGroup;
			children = (
				BCD27B7D2381F91B00E29D27 /* TapCounterButton.app */,
			);
			name = Products;
			sourceTree = "<group>";
		};
		BCD27B7F2381F91B00E29D27 /* TapCounterButton */ = {
			isa = PBXGroup;
			children = (
				BCD27B802381F91B00E29D27 /* AppDelegate.swift */,
				BCD27B822381F91B00E29D27 /* SceneDelegate.swift */,
				BCD27B842381F91B00E29D27 /* ContentView.swift */,
				BCD27B862381F91F00E29D27 /* Assets.xcassets */,
				BCD27B8B2381F91F00E29D27 /* LaunchScreen.storyboard */,
				BCD27B8E2381F91F00E29D27 /* Info.plist */,
				BCD27B882381F91F00E29D27 /* Preview Content */,
			);
			path = TapCounterButton;
			sourceTree = "<group>";
		};
		BCD27B882381F91F00E29D27 /* Preview Content */ = {
			isa = PBXGroup;
			children = (
				BCD27B892381F91F00E29D27 /* Preview Assets.xcassets */,
			);
			path = "Preview Content";
			sourceTree = "<group>";
		};
/* End PBXGroup section */

/* Begin PBXNativeTarget section */
		BCD27B7C2381F91B00E29D27 /* TapCounterButton */ = {
			isa = PBXNativeTarget;
			buildConfigurationList = BCD27B912381F91F00E29D27 /* Build configuration list for PBXNativeTarget "TapCounterButton" */;
			buildPhases = (
				BCD27B792381F91B00E29D27 /* Sources */,
				BCD27B7A2381F91B00E29D27 /* Frameworks */,
				BCD27B7B2381F91B00E29D27 /* Resources */,
			);
			buildRules = (
			);
			dependencies = (
			);
			name = TapCounterButton;
			productName = TapCounterButton;
			productReference = BCD27B7D2381F91B00E29D27 /* TapCounterButton.app */;
			productType = "com.apple.product-type.application";
		};
/* End PBXNativeTarget section */

/* Begin PBXProject section */
		BCD27B752381F91B00E29D27 /* Project object */ = {
			isa = PBXProject;
			attributes = {
				LastSwiftUpdateCheck = 1120;
				LastUpgradeCheck = 1120;
				ORGANIZATIONNAME = "Mpixel Design & Development";
				TargetAttributes = {
					BCD27B7C2381F91B00E29D27 = {
						CreatedOnToolsVersion = 11.2.1;
					};
				};
			};
			buildConfigurationList = BCD27B782381F91B00E29D27 /* Build configuration list for PBXProject "TapCounterButton" */;
			compatibilityVersion = "Xcode 9.3";
			developmentRegion = en;
			hasScannedForEncodings = 0;
			knownRegions = (
				en,
				Base,
			);
			mainGroup = BCD27B742381F91B00E29D27;
			productRefGroup = BCD27B7E2381F91B00E29D27 /* Products */;
			projectDirPath = "";
			projectRoot = "";
			targets = (
				BCD27B7C2381F91B00E29D27 /* TapCounterButton */,
			);
		};
/* End PBXProject section */

/* Begin PBXResourcesBuildPhase section */
		BCD27B7B2381F91B00E29D27 /* Resources */ = {
			isa = PBXResourcesBuildPhase;
			buildActionMask = 2147483647;
			files = (
				BCD27B8D2381F91F00E29D27 /* LaunchScreen.storyboard in Resources */,
				BCD27B8A2381F91F00E29D27 /* Preview Assets.xcassets in Resources */,
				BCD27B872381F91F00E29D27 /* Assets.xcassets in Resources */,
			);
			runOnlyForDeploymentPostprocessing = 0;
		};
/* End PBXResourcesBuildPhase section */

/* Begin PBXSourcesBuildPhase section */
		BCD27B792381F91B00E29D27 /* Sources */ = {
			isa = PBXSourcesBuildPhase;
			buildActionMask = 2147483647;
			files = (
				BCD27B812381F91B00E29D27 /* AppDelegate.swift in Sources */,
				BCD27B832381F91B00E29D27 /* SceneDelegate.swift in Sources */,
				BCD27B852381F91B00E29D27 /* ContentView.swift in Sources */,
			);
			runOnlyForDeploymentPostprocessing = 0;
		};
/* End PBXSourcesBuildPhase section */

/* Begin PBXVariantGroup section */
		BCD27B8B2381F91F00E29D27 /* LaunchScreen.storyboard */ = {
			isa = PBXVariantGroup;
			children = (
				BCD27B8C2381F91F00E29D27 /* Base */,
			);
			name = LaunchScreen.storyboard;
			sourceTree = "<group>";
		};
/* End PBXVariantGroup section */

/* Begin XCBuildConfiguration section */
		BCD27B8F2381F91F00E29D27 /* Debug */ = {
			isa = XCBuildConfiguration;
			buildSettings = {
				ALWAYS_SEARCH_USER_PATHS = NO;
				CLANG_ANALYZER_NONNULL = YES;
				CLANG_ANALYZER_NUMBER_OBJECT_CONVERSION = YES_AGGRESSIVE;
				CLANG_CXX_LANGUAGE_STANDARD = "gnu++14";
				CLANG_CXX_LIBRARY = "libc++";
				CLANG_ENABLE_MODULES = YES;
				CLANG_ENABLE_OBJC_ARC = YES;
				CLANG_ENABLE_OBJC_WEAK = YES;
				CLANG_WARN_BLOCK_CAPTURE_AUTORELEASING = YES;
				CLANG_WARN_BOOL_CONVERSION = YES;
				CLANG_WARN_COMMA = YES;
				CLANG_WARN_CONSTANT_CONVERSION = YES;
				CLANG_WARN_DEPRECATED_OBJC_IMPLEMENTATIONS = YES;
				CLANG_WARN_DIRECT_OBJC_ISA_USAGE = YES_ERROR;
				CLANG_WARN_DOCUMENTATION_COMMENTS = YES;
				CLANG_WARN_EMPTY_BODY = YES;
				CLANG_WARN_ENUM_CONVERSION = YES;
				CLANG_WARN_INFINITE_RECURSION = YES;
				CLANG_WARN_INT_CONVERSION = YES;
				CLANG_WARN_NON_LITERAL_NULL_CONVERSION = YES;
				CLANG_WARN_OBJC_IMPLICIT_RETAIN_SELF = YES;
				CLANG_WARN_OBJC_LITERAL_CONVERSION = YES;
				CLANG_WARN_OBJC_ROOT_CLASS = YES_ERROR;
				CLANG_WARN_RANGE_LOOP_ANALYSIS = YES;
				CLANG_WARN_STRICT_PROTOTYPES = YES;
				CLANG_WARN_SUSPICIOUS_MOVE = YES;
				CLANG_WARN_UNGUARDED_AVAILABILITY = YES_AGGRESSIVE;
				CLANG_WARN_UNREACHABLE_CODE = YES;
				CLANG_WARN__DUPLICATE_METHOD_MATCH = YES;
				COPY_PHASE_STRIP = NO;
				DEBUG_INFORMATION_FORMAT = dwarf;
				ENABLE_STRICT_OBJC_MSGSEND = YES;
				ENABLE_TESTABILITY = YES;
				GCC_C_LANGUAGE_STANDARD = gnu11;
				GCC_DYNAMIC_NO_PIC = NO;
				GCC_NO_COMMON_BLOCKS = YES;
				GCC_OPTIMIZATION_LEVEL = 0;
				GCC_PREPROCESSOR_DEFINITIONS = (
					"DEBUG=1",
					"$(inherited)",
				);
				GCC_WARN_64_TO_32_BIT_CONVERSION = YES;
				GCC_WARN_ABOUT_RETURN_TYPE = YES_ERROR;
				GCC_WARN_UNDECLARED_SELECTOR = YES;
				GCC_WARN_UNINITIALIZED_AUTOS = YES_AGGRESSIVE;
				GCC_WARN_UNUSED_FUNCTION = YES;
				GCC_WARN_UNUSED_VARIABLE = YES;
				IPHONEOS_DEPLOYMENT_TARGET = 13.2;
				MTL_ENABLE_DEBUG_INFO = INCLUDE_SOURCE;
				MTL_FAST_MATH = YES;
				ONLY_ACTIVE_ARCH = YES;
				SDKROOT = iphoneos;
				SWIFT_ACTIVE_COMPILATION_CONDITIONS = DEBUG;
				SWIFT_OPTIMIZATION_LEVEL = "-Onone";
			};
			name = Debug;
		};
		BCD27B902381F91F00E29D27 /* Release */ = {
			isa = XCBuildConfiguration;
			buildSettings = {
				ALWAYS_SEARCH_USER_PATHS = NO;
				CLANG_ANALYZER_NONNULL = YES;
				CLANG_ANALYZER_NUMBER_OBJECT_CONVERSION = YES_AGGRESSIVE;
				CLANG_CXX_LANGUAGE_STANDARD = "gnu++14";
				CLANG_CXX_LIBRARY = "libc++";
				CLANG_ENABLE_MODULES = YES;
				CLANG_ENABLE_OBJC_ARC = YES;
				CLANG_ENABLE_OBJC_WEAK = YES;
				CLANG_WARN_BLOCK_CAPTURE_AUTORELEASING = YES;
				CLANG_WARN_BOOL_CONVERSION = YES;
				CLANG_WARN_COMMA = YES;
				CLANG_WARN_CONSTANT_CONVERSION = YES;
				CLANG_WARN_DEPRECATED_OBJC_IMPLEMENTATIONS = YES;
				CLANG_WARN_DIRECT_OBJC_ISA_USAGE = YES_ERROR;
				CLANG_WARN_DOCUMENTATION_COMMENTS = YES;
				CLANG_WARN_EMPTY_BODY = YES;
				CLANG_WARN_ENUM_CONVERSION = YES;
				CLANG_WARN_INFINITE_RECURSION = YES;
				CLANG_WARN_INT_CONVERSION = YES;
				CLANG_WARN_NON_LITERAL_NULL_CONVERSION = YES;
				CLANG_WARN_OBJC_IMPLICIT_RETAIN_SELF = YES;
				CLANG_WARN_OBJC_LITERAL_CONVERSION = YES;
				CLANG_WARN_OBJC_ROOT_CLASS = YES_ERROR;
				CLANG_WARN_RANGE_LOOP_ANALYSIS = YES;
				CLANG_WARN_STRICT_PROTOTYPES = YES;
				CLANG_WARN_SUSPICIOUS_MOVE = YES;
				CLANG_WARN_UNGUARDED_AVAILABILITY = YES_AGGRESSIVE;
				CLANG_WARN_UNREACHABLE_CODE = YES;
				CLANG_WARN__DUPLICATE_METHOD_MATCH = YES;
				COPY_PHASE_STRIP = NO;
				DEBUG_INFORMATION_FORMAT = "dwarf-with-dsym";
				ENABLE_NS_ASSERTIONS = NO;
				ENABLE_STRICT_OBJC_MSGSEND = YES;
				GCC_C_LANGUAGE_STANDARD = gnu11;
				GCC_NO_COMMON_BLOCKS = YES;
				GCC_WARN_64_TO_32_BIT_CONVERSION = YES;
				GCC_WARN_ABOUT_RETURN_TYPE = YES_ERROR;
				GCC_WARN_UNDECLARED_SELECTOR = YES;
				GCC_WARN_UNINITIALIZED_AUTOS = YES_AGGRESSIVE;
				GCC_WARN_UNUSED_FUNCTION = YES;
				GCC_WARN_UNUSED_VARIABLE = YES;
				IPHONEOS_DEPLOYMENT_TARGET = 13.2;
				MTL_ENABLE_DEBUG_INFO = NO;
				MTL_FAST_MATH = YES;
				SDKROOT = iphoneos;
				SWIFT_COMPILATION_MODE = wholemodule;
				SWIFT_OPTIMIZATION_LEVEL = "-O";
				VALIDATE_PRODUCT = YES;
			};
			name = Release;
		};
		BCD27B922381F91F00E29D27 /* Debug */ = {
			isa = XCBuildConfiguration;
			buildSettings = {
				ASSETCATALOG_COMPILER_APPICON_NAME = AppIcon;
				CODE_SIGN_STYLE = Automatic;
				DEVELOPMENT_ASSET_PATHS = "\"TapCounterButton/Preview Content\"";
				DEVELOPMENT_TEAM = 8R9MN7EWJ6;
				ENABLE_PREVIEWS = YES;
				INFOPLIST_FILE = TapCounterButton/Info.plist;
				LD_RUNPATH_SEARCH_PATHS = (
					"$(inherited)",
					"@executable_path/Frameworks",
				);
				PRODUCT_BUNDLE_IDENTIFIER = com.mpixeldd.TapCounterButton;
				PRODUCT_NAME = "$(TARGET_NAME)";
				SWIFT_VERSION = 5.0;
				TARGETED_DEVICE_FAMILY = "1,2";
			};
			name = Debug;
		};
		BCD27B932381F91F00E29D27 /* Release */ = {
			isa = XCBuildConfiguration;
			buildSettings = {
				ASSETCATALOG_COMPILER_APPICON_NAME = AppIcon;
				CODE_SIGN_STYLE = Automatic;
				DEVELOPMENT_ASSET_PATHS = "\"TapCounterButton/Preview Content\"";
				DEVELOPMENT_TEAM = 8R9MN7EWJ6;
				ENABLE_PREVIEWS = YES;
				INFOPLIST_FILE = TapCounterButton/Info.plist;
				LD_RUNPATH_SEARCH_PATHS = (
					"$(inherited)",
					"@executable_path/Frameworks",
				);
				PRODUCT_BUNDLE_IDENTIFIER = com.mpixeldd.TapCounterButton;
				PRODUCT_NAME = "$(TARGET_NAME)";
				SWIFT_VERSION = 5.0;
				TARGETED_DEVICE_FAMILY = "1,2";
			};
			name = Release;
		};
/* End XCBuildConfiguration section */

/* Begin XCConfigurationList section */
		BCD27B782381F91B00E29D27 /* Build configuration list for PBXProject "TapCounterButton" */ = {
			isa = XCConfigurationList;
			buildConfigurations = (
				BCD27B8F2381F91F00E29D27 /* Debug */,
				BCD27B902381F91F00E29D27 /* Release */,
			);
			defaultConfigurationIsVisible = 0;
			defaultConfigurationName = Release;
		};
		BCD27B912381F91F00E29D27 /* Build configuration list for PBXNativeTarget "TapCounterButton" */ = {
			isa = XCConfigurationList;
			buildConfigurations = (
				BCD27B922381F91F00E29D27 /* Debug */,
				BCD27B932381F91F00E29D27 /* Release */,
			);
			defaultConfigurationIsVisible = 0;
			defaultConfigurationName = Release;
		};
/* End XCConfigurationList section */
	};
	rootObject = BCD27B752381F91B00E29D27 /* Project object */;
}
